
Microsoft Visual Studio Solution File, Format Version 12.00
# Visual Studio 15
VisualStudioVersion = 15.0.28307.421
MinimumVisualStudioVersion = 10.0.40219.1
Project("{FAE04EC0-301F-11D3-BF4B-00C04F79EFBC}") = "Ex1", "Ex1\Ex1.csproj", "{62EC5F1C-6918-4D22-A230-4BDA867B8886}"
EndProject
Project("{FAE04EC0-301F-11D3-BF4B-00C04F79EFBC}") = "Ex1Lib", "Ex1Lib\Ex1Lib.csproj", "{2BB9B0A5-1627-4F4C-87E4-E5D11C993790}"
EndProject
Global
	GlobalSection(SolutionConfigurationPlatforms) = preSolution
		Debug|Any CPU = Debug|Any CPU
		Release|Any CPU = Release|Any CPU
	EndGlobalSection
	GlobalSection(ProjectConfigurationPlatforms) = postSolution
		{62EC5F1C-6918-4D22-A230-4BDA867B8886}.Debug|Any CPU.ActiveCfg = Debug|Any CPU
		{62EC5F1C-6918-4D22-A230-4BDA867B8886}.Debug|Any CPU.Build.0 = Debug|Any CPU
		{62EC5F1C-6918-4D22-A230-4BDA867B8886}.Release|Any CPU.ActiveCfg = Release|Any CPU
		{62EC5F1C-6918-4D22-A230-4BDA867B8886}.Release|Any CPU.Build.0 = Release|Any CPU
		{2BB9B0A5-1627-4F4C-87E4-E5D11C993790}.Debug|Any CPU.ActiveCfg = Debug|Any CPU
		{2BB9B0A5-1627-4F4C-87E4-E5D11C993790}.Debug|Any CPU.Build.0 = Debug|Any CPU
		{2BB9B0A5-1627-4F4C-87E4-E5D11C993790}.Release|Any CPU.ActiveCfg = Release|Any CPU
		{2BB9B0A5-1627-4F4C-87E4-E5D11C993790}.Release|Any CPU.Build.0 = Release|Any CPU
	EndGlobalSection
	GlobalSection(SolutionProperties) = preSolution
		HideSolutionNode = FALSE
	EndGlobalSection
	GlobalSection(ExtensibilityGlobals) = postSolution
		SolutionGuid = {2F7FD7A3-52C2-441B-8078-BF21EA68F0D0}
	EndGlobalSection
EndGlobal
